// !$*UTF8*$!
{
	archiveVersion = 1;
	classes = {
	};
	objectVersion = 46;
	objects = {

/* Begin PBXBuildFile section */
		2872AB471D661A3500D624C6 /* RKitBaseTests.swift in Sources */ = {isa = PBXBuildFile; fileRef = 2872AB461D661A3500D624C6 /* RKitBaseTests.swift */; };
		2872AB521D661A3500D624C6 /* RKitBaseUITests.swift in Sources */ = {isa = PBXBuildFile; fileRef = 2872AB511D661A3500D624C6 /* RKitBaseUITests.swift */; };
		28DC4E751D6679220087AF36 /* Base.lproj in Resources */ = {isa = PBXBuildFile; fileRef = 28DC4E5D1D6679220087AF36 /* Base.lproj */; };
		28DC4E761D6679220087AF36 /* ActivityViewController.swift in Sources */ = {isa = PBXBuildFile; fileRef = 28DC4E5E1D6679220087AF36 /* ActivityViewController.swift */; };
		28DC4E771D6679220087AF36 /* AppDelegate.swift in Sources */ = {isa = PBXBuildFile; fileRef = 28DC4E5F1D6679220087AF36 /* AppDelegate.swift */; };
		28DC4E781D6679220087AF36 /* DashboardTableViewController.swift in Sources */ = {isa = PBXBuildFile; fileRef = 28DC4E601D6679220087AF36 /* DashboardTableViewController.swift */; };
		28DC4E791D6679220087AF36 /* DiscreteGraphDataSource.swift in Sources */ = {isa = PBXBuildFile; fileRef = 28DC4E611D6679220087AF36 /* DiscreteGraphDataSource.swift */; };
		28DC4E7A1D6679220087AF36 /* HealthDataStepViewController.swift in Sources */ = {isa = PBXBuildFile; fileRef = 28DC4E621D6679220087AF36 /* HealthDataStepViewController.swift */; };
		28DC4E7B1D6679220087AF36 /* LineGraphDataSource.swift in Sources */ = {isa = PBXBuildFile; fileRef = 28DC4E631D6679220087AF36 /* LineGraphDataSource.swift */; };
		28DC4E7C1D6679220087AF36 /* AnimatableChart.swift in Sources */ = {isa = PBXBuildFile; fileRef = 28DC4E641D6679220087AF36 /* AnimatableChart.swift */; };
		28DC4E7D1D6679220087AF36 /* ConsentDocument.swift in Sources */ = {isa = PBXBuildFile; fileRef = 28DC4E651D6679220087AF36 /* ConsentDocument.swift */; };
		28DC4E7E1D6679220087AF36 /* HealthClientType.swift in Sources */ = {isa = PBXBuildFile; fileRef = 28DC4E661D6679220087AF36 /* HealthClientType.swift */; };
		28DC4E7F1D6679220087AF36 /* HealthDataStep.swift in Sources */ = {isa = PBXBuildFile; fileRef = 28DC4E671D6679220087AF36 /* HealthDataStep.swift */; };
		28DC4E801D6679220087AF36 /* HKHealthStore+Queries.swift in Sources */ = {isa = PBXBuildFile; fileRef = 28DC4E681D6679220087AF36 /* HKHealthStore+Queries.swift */; };
		28DC4E811D6679220087AF36 /* Info.plist in Resources */ = {isa = PBXBuildFile; fileRef = 28DC4E691D6679220087AF36 /* Info.plist */; };
		28DC4E821D6679220087AF36 /* IntroductionViewController.swift in Sources */ = {isa = PBXBuildFile; fileRef = 28DC4E6A1D6679220087AF36 /* IntroductionViewController.swift */; };
		28DC4E831D6679220087AF36 /* OnboardingViewController.swift in Sources */ = {isa = PBXBuildFile; fileRef = 28DC4E6B1D6679220087AF36 /* OnboardingViewController.swift */; };
		28DC4E841D6679220087AF36 /* PieChartDataSource.swift in Sources */ = {isa = PBXBuildFile; fileRef = 28DC4E6C1D6679220087AF36 /* PieChartDataSource.swift */; };
		28DC4E851D6679220087AF36 /* ProfileHeaderView.swift in Sources */ = {isa = PBXBuildFile; fileRef = 28DC4E6D1D6679220087AF36 /* ProfileHeaderView.swift */; };
		28DC4E861D6679220087AF36 /* ProfileStaticTableViewCell.swift in Sources */ = {isa = PBXBuildFile; fileRef = 28DC4E6E1D6679220087AF36 /* ProfileStaticTableViewCell.swift */; };
		28DC4E871D6679220087AF36 /* ProfileViewController.swift in Sources */ = {isa = PBXBuildFile; fileRef = 28DC4E6F1D6679220087AF36 /* ProfileViewController.swift */; };
		28DC4E881D6679220087AF36 /* ResearchContainerSegue.swift in Sources */ = {isa = PBXBuildFile; fileRef = 28DC4E701D6679220087AF36 /* ResearchContainerSegue.swift */; };
		28DC4E891D6679220087AF36 /* ResearchContainerViewController.swift in Sources */ = {isa = PBXBuildFile; fileRef = 28DC4E711D6679220087AF36 /* ResearchContainerViewController.swift */; };
		28DC4E8A1D6679220087AF36 /* StudyTasks.swift in Sources */ = {isa = PBXBuildFile; fileRef = 28DC4E721D6679220087AF36 /* StudyTasks.swift */; };
		28DC4E8B1D6679220087AF36 /* WithdrawViewController.swift in Sources */ = {isa = PBXBuildFile; fileRef = 28DC4E731D6679220087AF36 /* WithdrawViewController.swift */; };
		28DC4E8C1D6679220087AF36 /* Assets.xcassets in Resources */ = {isa = PBXBuildFile; fileRef = 28DC4E741D6679220087AF36 /* Assets.xcassets */; };
		FF729420507D3069F610CF67 /* Pods_RKitBase.framework in Frameworks */ = {isa = PBXBuildFile; fileRef = 2856A38F18E8BE294162EEB7 /* Pods_RKitBase.framework */; };
/* End PBXBuildFile section */

/* Begin PBXContainerItemProxy section */
		2872AB431D661A3500D624C6 /* PBXContainerItemProxy */ = {
			isa = PBXContainerItemProxy;
			containerPortal = 2872AB261D661A3400D624C6 /* Project object */;
			proxyType = 1;
			remoteGlobalIDString = 2872AB2D1D661A3400D624C6;
			remoteInfo = RKitBase;
		};
		2872AB4E1D661A3500D624C6 /* PBXContainerItemProxy */ = {
			isa = PBXContainerItemProxy;
			containerPortal = 2872AB261D661A3400D624C6 /* Project object */;
			proxyType = 1;
			remoteGlobalIDString = 2872AB2D1D661A3400D624C6;
			remoteInfo = RKitBase;
		};
/* End PBXContainerItemProxy section */

/* Begin PBXFileReference section */
		2856A38F18E8BE294162EEB7 /* Pods_RKitBase.framework */ = {isa = PBXFileReference; explicitFileType = wrapper.framework; includeInIndex = 0; path = Pods_RKitBase.framework; sourceTree = BUILT_PRODUCTS_DIR; };
		2872AB2E1D661A3400D624C6 /* RKitBase.app */ = {isa = PBXFileReference; explicitFileType = wrapper.application; includeInIndex = 0; path = RKitBase.app; sourceTree = BUILT_PRODUCTS_DIR; };
		2872AB421D661A3500D624C6 /* RKitBaseTests.xctest */ = {isa = PBXFileReference; explicitFileType = wrapper.cfbundle; includeInIndex = 0; path = RKitBaseTests.xctest; sourceTree = BUILT_PRODUCTS_DIR; };
		2872AB461D661A3500D624C6 /* RKitBaseTests.swift */ = {isa = PBXFileReference; lastKnownFileType = sourcecode.swift; path = RKitBaseTests.swift; sourceTree = "<group>"; };
		2872AB481D661A3500D624C6 /* Info.plist */ = {isa = PBXFileReference; lastKnownFileType = text.plist.xml; path = Info.plist; sourceTree = "<group>"; };
		2872AB4D1D661A3500D624C6 /* RKitBaseUITests.xctest */ = {isa = PBXFileReference; explicitFileType = wrapper.cfbundle; includeInIndex = 0; path = RKitBaseUITests.xctest; sourceTree = BUILT_PRODUCTS_DIR; };
		2872AB511D661A3500D624C6 /* RKitBaseUITests.swift */ = {isa = PBXFileReference; lastKnownFileType = sourcecode.swift; path = RKitBaseUITests.swift; sourceTree = "<group>"; };
		2872AB531D661A3500D624C6 /* Info.plist */ = {isa = PBXFileReference; lastKnownFileType = text.plist.xml; path = Info.plist; sourceTree = "<group>"; };
		28DC4E5C1D66791F0087AF36 /* RKitBase-Bridging-Header.h */ = {isa = PBXFileReference; lastKnownFileType = sourcecode.c.h; path = "RKitBase-Bridging-Header.h"; sourceTree = "<group>"; };
		28DC4E5D1D6679220087AF36 /* Base.lproj */ = {isa = PBXFileReference; lastKnownFileType = folder; path = Base.lproj; sourceTree = "<group>"; };
		28DC4E5E1D6679220087AF36 /* ActivityViewController.swift */ = {isa = PBXFileReference; fileEncoding = 4; lastKnownFileType = sourcecode.swift; path = ActivityViewController.swift; sourceTree = "<group>"; };
		28DC4E5F1D6679220087AF36 /* AppDelegate.swift */ = {isa = PBXFileReference; fileEncoding = 4; lastKnownFileType = sourcecode.swift; path = AppDelegate.swift; sourceTree = "<group>"; };
		28DC4E601D6679220087AF36 /* DashboardTableViewController.swift */ = {isa = PBXFileReference; fileEncoding = 4; lastKnownFileType = sourcecode.swift; path = DashboardTableViewController.swift; sourceTree = "<group>"; };
		28DC4E611D6679220087AF36 /* DiscreteGraphDataSource.swift */ = {isa = PBXFileReference; fileEncoding = 4; lastKnownFileType = sourcecode.swift; path = DiscreteGraphDataSource.swift; sourceTree = "<group>"; };
		28DC4E621D6679220087AF36 /* HealthDataStepViewController.swift */ = {isa = PBXFileReference; fileEncoding = 4; lastKnownFileType = sourcecode.swift; path = HealthDataStepViewController.swift; sourceTree = "<group>"; };
		28DC4E631D6679220087AF36 /* LineGraphDataSource.swift */ = {isa = PBXFileReference; fileEncoding = 4; lastKnownFileType = sourcecode.swift; path = LineGraphDataSource.swift; sourceTree = "<group>"; };
		28DC4E641D6679220087AF36 /* AnimatableChart.swift */ = {isa = PBXFileReference; fileEncoding = 4; lastKnownFileType = sourcecode.swift; path = AnimatableChart.swift; sourceTree = "<group>"; };
		28DC4E651D6679220087AF36 /* ConsentDocument.swift */ = {isa = PBXFileReference; fileEncoding = 4; lastKnownFileType = sourcecode.swift; path = ConsentDocument.swift; sourceTree = "<group>"; };
		28DC4E661D6679220087AF36 /* HealthClientType.swift */ = {isa = PBXFileReference; fileEncoding = 4; lastKnownFileType = sourcecode.swift; path = HealthClientType.swift; sourceTree = "<group>"; };
		28DC4E671D6679220087AF36 /* HealthDataStep.swift */ = {isa = PBXFileReference; fileEncoding = 4; lastKnownFileType = sourcecode.swift; path = HealthDataStep.swift; sourceTree = "<group>"; };
		28DC4E681D6679220087AF36 /* HKHealthStore+Queries.swift */ = {isa = PBXFileReference; fileEncoding = 4; lastKnownFileType = sourcecode.swift; path = "HKHealthStore+Queries.swift"; sourceTree = "<group>"; };
		28DC4E691D6679220087AF36 /* Info.plist */ = {isa = PBXFileReference; fileEncoding = 4; lastKnownFileType = text.plist.xml; path = Info.plist; sourceTree = "<group>"; };
		28DC4E6A1D6679220087AF36 /* IntroductionViewController.swift */ = {isa = PBXFileReference; fileEncoding = 4; lastKnownFileType = sourcecode.swift; path = IntroductionViewController.swift; sourceTree = "<group>"; };
		28DC4E6B1D6679220087AF36 /* OnboardingViewController.swift */ = {isa = PBXFileReference; fileEncoding = 4; lastKnownFileType = sourcecode.swift; path = OnboardingViewController.swift; sourceTree = "<group>"; };
		28DC4E6C1D6679220087AF36 /* PieChartDataSource.swift */ = {isa = PBXFileReference; fileEncoding = 4; lastKnownFileType = sourcecode.swift; path = PieChartDataSource.swift; sourceTree = "<group>"; };
		28DC4E6D1D6679220087AF36 /* ProfileHeaderView.swift */ = {isa = PBXFileReference; fileEncoding = 4; lastKnownFileType = sourcecode.swift; path = ProfileHeaderView.swift; sourceTree = "<group>"; };
		28DC4E6E1D6679220087AF36 /* ProfileStaticTableViewCell.swift */ = {isa = PBXFileReference; fileEncoding = 4; lastKnownFileType = sourcecode.swift; path = ProfileStaticTableViewCell.swift; sourceTree = "<group>"; };
		28DC4E6F1D6679220087AF36 /* ProfileViewController.swift */ = {isa = PBXFileReference; fileEncoding = 4; lastKnownFileType = sourcecode.swift; path = ProfileViewController.swift; sourceTree = "<group>"; };
		28DC4E701D6679220087AF36 /* ResearchContainerSegue.swift */ = {isa = PBXFileReference; fileEncoding = 4; lastKnownFileType = sourcecode.swift; path = ResearchContainerSegue.swift; sourceTree = "<group>"; };
		28DC4E711D6679220087AF36 /* ResearchContainerViewController.swift */ = {isa = PBXFileReference; fileEncoding = 4; lastKnownFileType = sourcecode.swift; path = ResearchContainerViewController.swift; sourceTree = "<group>"; };
		28DC4E721D6679220087AF36 /* StudyTasks.swift */ = {isa = PBXFileReference; fileEncoding = 4; lastKnownFileType = sourcecode.swift; path = StudyTasks.swift; sourceTree = "<group>"; };
		28DC4E731D6679220087AF36 /* WithdrawViewController.swift */ = {isa = PBXFileReference; fileEncoding = 4; lastKnownFileType = sourcecode.swift; path = WithdrawViewController.swift; sourceTree = "<group>"; };
		28DC4E741D6679220087AF36 /* Assets.xcassets */ = {isa = PBXFileReference; lastKnownFileType = folder.assetcatalog; path = Assets.xcassets; sourceTree = "<group>"; };
		B5D2449BB460068D2EC7AED7 /* Pods-RKitBase.release.xcconfig */ = {isa = PBXFileReference; includeInIndex = 1; lastKnownFileType = text.xcconfig; name = "Pods-RKitBase.release.xcconfig"; path = "Pods/Target Support Files/Pods-RKitBase/Pods-RKitBase.release.xcconfig"; sourceTree = "<group>"; };
		E90B5B78B0CBE46440B870E4 /* Pods-RKitBase.debug.xcconfig */ = {isa = PBXFileReference; includeInIndex = 1; lastKnownFileType = text.xcconfig; name = "Pods-RKitBase.debug.xcconfig"; path = "Pods/Target Support Files/Pods-RKitBase/Pods-RKitBase.debug.xcconfig"; sourceTree = "<group>"; };
/* End PBXFileReference section */

/* Begin PBXFrameworksBuildPhase section */
		2872AB2B1D661A3400D624C6 /* Frameworks */ = {
			isa = PBXFrameworksBuildPhase;
			buildActionMask = 2147483647;
			files = (
				FF729420507D3069F610CF67 /* Pods_RKitBase.framework in Frameworks */,
			);
			runOnlyForDeploymentPostprocessing = 0;
		};
		2872AB3F1D661A3500D624C6 /* Frameworks */ = {
			isa = PBXFrameworksBuildPhase;
			buildActionMask = 2147483647;
			files = (
			);
			runOnlyForDeploymentPostprocessing = 0;
		};
		2872AB4A1D661A3500D624C6 /* Frameworks */ = {
			isa = PBXFrameworksBuildPhase;
			buildActionMask = 2147483647;
			files = (
			);
			runOnlyForDeploymentPostprocessing = 0;
		};
/* End PBXFrameworksBuildPhase section */

/* Begin PBXGroup section */
		2872AB251D661A3400D624C6 = {
			isa = PBXGroup;
			children = (
				2872AB301D661A3400D624C6 /* RKitBase */,
				2872AB451D661A3500D624C6 /* RKitBaseTests */,
				2872AB501D661A3500D624C6 /* RKitBaseUITests */,
				2872AB2F1D661A3400D624C6 /* Products */,
				F2F6739FC063BACB1FC5AD5C /* Pods */,
				49BD3300EE3F03E92A1410F0 /* Frameworks */,
			);
			sourceTree = "<group>";
		};
		2872AB2F1D661A3400D624C6 /* Products */ = {
			isa = PBXGroup;
			children = (
				2872AB2E1D661A3400D624C6 /* RKitBase.app */,
				2872AB421D661A3500D624C6 /* RKitBaseTests.xctest */,
				2872AB4D1D661A3500D624C6 /* RKitBaseUITests.xctest */,
			);
			name = Products;
			sourceTree = "<group>";
		};
		2872AB301D661A3400D624C6 /* RKitBase */ = {
			isa = PBXGroup;
			children = (
				28DC4E5D1D6679220087AF36 /* Base.lproj */,
				28DC4E5E1D6679220087AF36 /* ActivityViewController.swift */,
				28DC4E5F1D6679220087AF36 /* AppDelegate.swift */,
				28DC4E601D6679220087AF36 /* DashboardTableViewController.swift */,
				28DC4E611D6679220087AF36 /* DiscreteGraphDataSource.swift */,
				28DC4E621D6679220087AF36 /* HealthDataStepViewController.swift */,
				28DC4E631D6679220087AF36 /* LineGraphDataSource.swift */,
				28DC4E641D6679220087AF36 /* AnimatableChart.swift */,
				28DC4E651D6679220087AF36 /* ConsentDocument.swift */,
				28DC4E661D6679220087AF36 /* HealthClientType.swift */,
				28DC4E671D6679220087AF36 /* HealthDataStep.swift */,
				28DC4E681D6679220087AF36 /* HKHealthStore+Queries.swift */,
				28DC4E691D6679220087AF36 /* Info.plist */,
				28DC4E6A1D6679220087AF36 /* IntroductionViewController.swift */,
				28DC4E6B1D6679220087AF36 /* OnboardingViewController.swift */,
				28DC4E6C1D6679220087AF36 /* PieChartDataSource.swift */,
				28DC4E6D1D6679220087AF36 /* ProfileHeaderView.swift */,
				28DC4E6E1D6679220087AF36 /* ProfileStaticTableViewCell.swift */,
				28DC4E6F1D6679220087AF36 /* ProfileViewController.swift */,
				28DC4E701D6679220087AF36 /* ResearchContainerSegue.swift */,
				28DC4E711D6679220087AF36 /* ResearchContainerViewController.swift */,
				28DC4E721D6679220087AF36 /* StudyTasks.swift */,
				28DC4E731D6679220087AF36 /* WithdrawViewController.swift */,
				28DC4E741D6679220087AF36 /* Assets.xcassets */,
				28DC4E5C1D66791F0087AF36 /* RKitBase-Bridging-Header.h */,
			);
			path = RKitBase;
			sourceTree = "<group>";
		};
		2872AB451D661A3500D624C6 /* RKitBaseTests */ = {
			isa = PBXGroup;
			children = (
				2872AB461D661A3500D624C6 /* RKitBaseTests.swift */,
				2872AB481D661A3500D624C6 /* Info.plist */,
			);
			path = RKitBaseTests;
			sourceTree = "<group>";
		};
		2872AB501D661A3500D624C6 /* RKitBaseUITests */ = {
			isa = PBXGroup;
			children = (
				2872AB511D661A3500D624C6 /* RKitBaseUITests.swift */,
				2872AB531D661A3500D624C6 /* Info.plist */,
			);
			path = RKitBaseUITests;
			sourceTree = "<group>";
		};
		49BD3300EE3F03E92A1410F0 /* Frameworks */ = {
			isa = PBXGroup;
			children = (
				2856A38F18E8BE294162EEB7 /* Pods_RKitBase.framework */,
			);
			name = Frameworks;
			sourceTree = "<group>";
		};
		F2F6739FC063BACB1FC5AD5C /* Pods */ = {
			isa = PBXGroup;
			children = (
				E90B5B78B0CBE46440B870E4 /* Pods-RKitBase.debug.xcconfig */,
				B5D2449BB460068D2EC7AED7 /* Pods-RKitBase.release.xcconfig */,
			);
			name = Pods;
			sourceTree = "<group>";
		};
/* End PBXGroup section */

/* Begin PBXNativeTarget section */
		2872AB2D1D661A3400D624C6 /* RKitBase */ = {
			isa = PBXNativeTarget;
			buildConfigurationList = 2872AB561D661A3500D624C6 /* Build configuration list for PBXNativeTarget "RKitBase" */;
			buildPhases = (
				B98FA72A44F54D4BCB4310AC /* 📦 Check Pods Manifest.lock */,
				2872AB2A1D661A3400D624C6 /* Sources */,
				2872AB2B1D661A3400D624C6 /* Frameworks */,
				2872AB2C1D661A3400D624C6 /* Resources */,
				5535F0989C77DBFF3A5146F7 /* 📦 Embed Pods Frameworks */,
				B4D5C3AC1E0F74D6E63C20A6 /* 📦 Copy Pods Resources */,
			);
			buildRules = (
			);
			dependencies = (
			);
			name = RKitBase;
			productName = RKitBase;
			productReference = 2872AB2E1D661A3400D624C6 /* RKitBase.app */;
			productType = "com.apple.product-type.application";
		};
		2872AB411D661A3500D624C6 /* RKitBaseTests */ = {
			isa = PBXNativeTarget;
			buildConfigurationList = 2872AB591D661A3500D624C6 /* Build configuration list for PBXNativeTarget "RKitBaseTests" */;
			buildPhases = (
				2872AB3E1D661A3500D624C6 /* Sources */,
				2872AB3F1D661A3500D624C6 /* Frameworks */,
				2872AB401D661A3500D624C6 /* Resources */,
			);
			buildRules = (
			);
			dependencies = (
				2872AB441D661A3500D624C6 /* PBXTargetDependency */,
			);
			name = RKitBaseTests;
			productName = RKitBaseTests;
			productReference = 2872AB421D661A3500D624C6 /* RKitBaseTests.xctest */;
			productType = "com.apple.product-type.bundle.unit-test";
		};
		2872AB4C1D661A3500D624C6 /* RKitBaseUITests */ = {
			isa = PBXNativeTarget;
			buildConfigurationList = 2872AB5C1D661A3500D624C6 /* Build configuration list for PBXNativeTarget "RKitBaseUITests" */;
			buildPhases = (
				2872AB491D661A3500D624C6 /* Sources */,
				2872AB4A1D661A3500D624C6 /* Frameworks */,
				2872AB4B1D661A3500D624C6 /* Resources */,
			);
			buildRules = (
			);
			dependencies = (
				2872AB4F1D661A3500D624C6 /* PBXTargetDependency */,
			);
			name = RKitBaseUITests;
			productName = RKitBaseUITests;
			productReference = 2872AB4D1D661A3500D624C6 /* RKitBaseUITests.xctest */;
			productType = "com.apple.product-type.bundle.ui-testing";
		};
/* End PBXNativeTarget section */

/* Begin PBXProject section */
		2872AB261D661A3400D624C6 /* Project object */ = {
			isa = PBXProject;
			attributes = {
				LastSwiftUpdateCheck = 0730;
				LastUpgradeCheck = 0730;
				ORGANIZATIONNAME = "Neil Lakin";
				TargetAttributes = {
					2872AB2D1D661A3400D624C6 = {
						CreatedOnToolsVersion = 7.3.1;
					};
					2872AB411D661A3500D624C6 = {
						CreatedOnToolsVersion = 7.3.1;
						TestTargetID = 2872AB2D1D661A3400D624C6;
					};
					2872AB4C1D661A3500D624C6 = {
						CreatedOnToolsVersion = 7.3.1;
						TestTargetID = 2872AB2D1D661A3400D624C6;
					};
				};
			};
			buildConfigurationList = 2872AB291D661A3400D624C6 /* Build configuration list for PBXProject "RKitBase" */;
			compatibilityVersion = "Xcode 3.2";
			developmentRegion = English;
			hasScannedForEncodings = 0;
			knownRegions = (
				en,
				Base,
			);
			mainGroup = 2872AB251D661A3400D624C6;
			productRefGroup = 2872AB2F1D661A3400D624C6 /* Products */;
			projectDirPath = "";
			projectRoot = "";
			targets = (
				2872AB2D1D661A3400D624C6 /* RKitBase */,
				2872AB411D661A3500D624C6 /* RKitBaseTests */,
				2872AB4C1D661A3500D624C6 /* RKitBaseUITests */,
			);
		};
/* End PBXProject section */

/* Begin PBXResourcesBuildPhase section */
		2872AB2C1D661A3400D624C6 /* Resources */ = {
			isa = PBXResourcesBuildPhase;
			buildActionMask = 2147483647;
			files = (
				28DC4E811D6679220087AF36 /* Info.plist in Resources */,
				28DC4E8C1D6679220087AF36 /* Assets.xcassets in Resources */,
				28DC4E751D6679220087AF36 /* Base.lproj in Resources */,
			);
			runOnlyForDeploymentPostprocessing = 0;
		};
		2872AB401D661A3500D624C6 /* Resources */ = {
			isa = PBXResourcesBuildPhase;
			buildActionMask = 2147483647;
			files = (
			);
			runOnlyForDeploymentPostprocessing = 0;
		};
		2872AB4B1D661A3500D624C6 /* Resources */ = {
			isa = PBXResourcesBuildPhase;
			buildActionMask = 2147483647;
			files = (
			);
			runOnlyForDeploymentPostprocessing = 0;
		};
/* End PBXResourcesBuildPhase section */

/* Begin PBXShellScriptBuildPhase section */
		5535F0989C77DBFF3A5146F7 /* 📦 Embed Pods Frameworks */ = {
			isa = PBXShellScriptBuildPhase;
			buildActionMask = 2147483647;
			files = (
			);
			inputPaths = (
			);
			name = "📦 Embed Pods Frameworks";
			outputPaths = (
			);
			runOnlyForDeploymentPostprocessing = 0;
			shellPath = /bin/sh;
			shellScript = "\"${SRCROOT}/Pods/Target Support Files/Pods-RKitBase/Pods-RKitBase-frameworks.sh\"\n";
			showEnvVarsInLog = 0;
		};
		B4D5C3AC1E0F74D6E63C20A6 /* 📦 Copy Pods Resources */ = {
			isa = PBXShellScriptBuildPhase;
			buildActionMask = 2147483647;
			files = (
			);
			inputPaths = (
			);
			name = "📦 Copy Pods Resources";
			outputPaths = (
			);
			runOnlyForDeploymentPostprocessing = 0;
			shellPath = /bin/sh;
			shellScript = "\"${SRCROOT}/Pods/Target Support Files/Pods-RKitBase/Pods-RKitBase-resources.sh\"\n";
			showEnvVarsInLog = 0;
		};
		B98FA72A44F54D4BCB4310AC /* 📦 Check Pods Manifest.lock */ = {
			isa = PBXShellScriptBuildPhase;
			buildActionMask = 2147483647;
			files = (
			);
			inputPaths = (
			);
			name = "📦 Check Pods Manifest.lock";
			outputPaths = (
			);
			runOnlyForDeploymentPostprocessing = 0;
			shellPath = /bin/sh;
			shellScript = "diff \"${PODS_ROOT}/../Podfile.lock\" \"${PODS_ROOT}/Manifest.lock\" > /dev/null\nif [[ $? != 0 ]] ; then\n    cat << EOM\nerror: The sandbox is not in sync with the Podfile.lock. Run 'pod install' or update your CocoaPods installation.\nEOM\n    exit 1\nfi\n";
			showEnvVarsInLog = 0;
		};
/* End PBXShellScriptBuildPhase section */

/* Begin PBXSourcesBuildPhase section */
		2872AB2A1D661A3400D624C6 /* Sources */ = {
			isa = PBXSourcesBuildPhase;
			buildActionMask = 2147483647;
			files = (
				28DC4E881D6679220087AF36 /* ResearchContainerSegue.swift in Sources */,
				28DC4E831D6679220087AF36 /* OnboardingViewController.swift in Sources */,
				28DC4E8A1D6679220087AF36 /* StudyTasks.swift in Sources */,
				28DC4E7E1D6679220087AF36 /* HealthClientType.swift in Sources */,
				28DC4E7F1D6679220087AF36 /* HealthDataStep.swift in Sources */,
				28DC4E791D6679220087AF36 /* DiscreteGraphDataSource.swift in Sources */,
				28DC4E7D1D6679220087AF36 /* ConsentDocument.swift in Sources */,
				28DC4E821D6679220087AF36 /* IntroductionViewController.swift in Sources */,
				28DC4E7B1D6679220087AF36 /* LineGraphDataSource.swift in Sources */,
				28DC4E871D6679220087AF36 /* ProfileViewController.swift in Sources */,
				28DC4E851D6679220087AF36 /* ProfileHeaderView.swift in Sources */,
				28DC4E891D6679220087AF36 /* ResearchContainerViewController.swift in Sources */,
				28DC4E7A1D6679220087AF36 /* HealthDataStepViewController.swift in Sources */,
				28DC4E7C1D6679220087AF36 /* AnimatableChart.swift in Sources */,
				28DC4E801D6679220087AF36 /* HKHealthStore+Queries.swift in Sources */,
				28DC4E841D6679220087AF36 /* PieChartDataSource.swift in Sources */,
				28DC4E8B1D6679220087AF36 /* WithdrawViewController.swift in Sources */,
				28DC4E771D6679220087AF36 /* AppDelegate.swift in Sources */,
				28DC4E781D6679220087AF36 /* DashboardTableViewController.swift in Sources */,
				28DC4E861D6679220087AF36 /* ProfileStaticTableViewCell.swift in Sources */,
				28DC4E761D6679220087AF36 /* ActivityViewController.swift in Sources */,
			);
			runOnlyForDeploymentPostprocessing = 0;
		};
		2872AB3E1D661A3500D624C6 /* Sources */ = {
			isa = PBXSourcesBuildPhase;
			buildActionMask = 2147483647;
			files = (
				2872AB471D661A3500D624C6 /* RKitBaseTests.swift in Sources */,
			);
			runOnlyForDeploymentPostprocessing = 0;
		};
		2872AB491D661A3500D624C6 /* Sources */ = {
			isa = PBXSourcesBuildPhase;
			buildActionMask = 2147483647;
			files = (
				2872AB521D661A3500D624C6 /* RKitBaseUITests.swift in Sources */,
			);
			runOnlyForDeploymentPostprocessing = 0;
		};
/* End PBXSourcesBuildPhase section */

/* Begin PBXTargetDependency section */
		2872AB441D661A3500D624C6 /* PBXTargetDependency */ = {
			isa = PBXTargetDependency;
			target = 2872AB2D1D661A3400D624C6 /* RKitBase */;
			targetProxy = 2872AB431D661A3500D624C6 /* PBXContainerItemProxy */;
		};
		2872AB4F1D661A3500D624C6 /* PBXTargetDependency */ = {
			isa = PBXTargetDependency;
			target = 2872AB2D1D661A3400D624C6 /* RKitBase */;
			targetProxy = 2872AB4E1D661A3500D624C6 /* PBXContainerItemProxy */;
		};
/* End PBXTargetDependency section */

/* Begin XCBuildConfiguration section */
		2872AB541D661A3500D624C6 /* Debug */ = {
			isa = XCBuildConfiguration;
			buildSettings = {
				ALWAYS_SEARCH_USER_PATHS = NO;
				CLANG_ANALYZER_NONNULL = YES;
				CLANG_CXX_LANGUAGE_STANDARD = "gnu++0x";
				CLANG_CXX_LIBRARY = "libc++";
				CLANG_ENABLE_MODULES = YES;
				CLANG_ENABLE_OBJC_ARC = YES;
				CLANG_WARN_BOOL_CONVERSION = YES;
				CLANG_WARN_CONSTANT_CONVERSION = YES;
				CLANG_WARN_DIRECT_OBJC_ISA_USAGE = YES_ERROR;
				CLANG_WARN_EMPTY_BODY = YES;
				CLANG_WARN_ENUM_CONVERSION = YES;
				CLANG_WARN_INT_CONVERSION = YES;
				CLANG_WARN_OBJC_ROOT_CLASS = YES_ERROR;
				CLANG_WARN_UNREACHABLE_CODE = YES;
				CLANG_WARN__DUPLICATE_METHOD_MATCH = YES;
				"CODE_SIGN_IDENTITY[sdk=iphoneos*]" = "iPhone Developer";
				COPY_PHASE_STRIP = NO;
				DEBUG_INFORMATION_FORMAT = dwarf;
				ENABLE_STRICT_OBJC_MSGSEND = YES;
				ENABLE_TESTABILITY = YES;
				GCC_C_LANGUAGE_STANDARD = gnu99;
				GCC_DYNAMIC_NO_PIC = NO;
				GCC_NO_COMMON_BLOCKS = YES;
				GCC_OPTIMIZATION_LEVEL = 0;
				GCC_PREPROCESSOR_DEFINITIONS = (
					"DEBUG=1",
					"$(inherited)",
				);
				GCC_WARN_64_TO_32_BIT_CONVERSION = YES;
				GCC_WARN_ABOUT_RETURN_TYPE = YES_ERROR;
				GCC_WARN_UNDECLARED_SELECTOR = YES;
				GCC_WARN_UNINITIALIZED_AUTOS = YES_AGGRESSIVE;
				GCC_WARN_UNUSED_FUNCTION = YES;
				GCC_WARN_UNUSED_VARIABLE = YES;
				IPHONEOS_DEPLOYMENT_TARGET = 9.3;
				MTL_ENABLE_DEBUG_INFO = YES;
				ONLY_ACTIVE_ARCH = YES;
				SDKROOT = iphoneos;
				SWIFT_OPTIMIZATION_LEVEL = "-Onone";
				TARGETED_DEVICE_FAMILY = "1,2";
			};
			name = Debug;
		};
		2872AB551D661A3500D624C6 /* Release */ = {
			isa = XCBuildConfiguration;
			buildSettings = {
				ALWAYS_SEARCH_USER_PATHS = NO;
				CLANG_ANALYZER_NONNULL = YES;
				CLANG_CXX_LANGUAGE_STANDARD = "gnu++0x";
				CLANG_CXX_LIBRARY = "libc++";
				CLANG_ENABLE_MODULES = YES;
				CLANG_ENABLE_OBJC_ARC = YES;
				CLANG_WARN_BOOL_CONVERSION = YES;
				CLANG_WARN_CONSTANT_CONVERSION = YES;
				CLANG_WARN_DIRECT_OBJC_ISA_USAGE = YES_ERROR;
				CLANG_WARN_EMPTY_BODY = YES;
				CLANG_WARN_ENUM_CONVERSION = YES;
				CLANG_WARN_INT_CONVERSION = YES;
				CLANG_WARN_OBJC_ROOT_CLASS = YES_ERROR;
				CLANG_WARN_UNREACHABLE_CODE = YES;
				CLANG_WARN__DUPLICATE_METHOD_MATCH = YES;
				"CODE_SIGN_IDENTITY[sdk=iphoneos*]" = "iPhone Developer";
				COPY_PHASE_STRIP = NO;
				DEBUG_INFORMATION_FORMAT = "dwarf-with-dsym";
				ENABLE_NS_ASSERTIONS = NO;
				ENABLE_STRICT_OBJC_MSGSEND = YES;
				GCC_C_LANGUAGE_STANDARD = gnu99;
				GCC_NO_COMMON_BLOCKS = YES;
				GCC_WARN_64_TO_32_BIT_CONVERSION = YES;
				GCC_WARN_ABOUT_RETURN_TYPE = YES_ERROR;
				GCC_WARN_UNDECLARED_SELECTOR = YES;
				GCC_WARN_UNINITIALIZED_AUTOS = YES_AGGRESSIVE;
				GCC_WARN_UNUSED_FUNCTION = YES;
				GCC_WARN_UNUSED_VARIABLE = YES;
				IPHONEOS_DEPLOYMENT_TARGET = 9.3;
				MTL_ENABLE_DEBUG_INFO = NO;
				SDKROOT = iphoneos;
				TARGETED_DEVICE_FAMILY = "1,2";
				VALIDATE_PRODUCT = YES;
			};
			name = Release;
		};
		2872AB571D661A3500D624C6 /* Debug */ = {
			isa = XCBuildConfiguration;
			baseConfigurationReference = E90B5B78B0CBE46440B870E4 /* Pods-RKitBase.debug.xcconfig */;
			buildSettings = {
				ASSETCATALOG_COMPILER_APPICON_NAME = AppIcon;
				CLANG_ENABLE_MODULES = YES;
				INFOPLIST_FILE = RKitBase/Info.plist;
				LD_RUNPATH_SEARCH_PATHS = "$(inherited) @executable_path/Frameworks";
				PRODUCT_BUNDLE_IDENTIFIER = smalldatalab.RKitBase;
				PRODUCT_NAME = "$(TARGET_NAME)";
				SWIFT_OBJC_BRIDGING_HEADER = "RKitBase/RKitBase-Bridging-Header.h";
				SWIFT_OPTIMIZATION_LEVEL = "-Onone";
			};
			name = Debug;
		};
		2872AB581D661A3500D624C6 /* Release */ = {
			isa = XCBuildConfiguration;
			baseConfigurationReference = B5D2449BB460068D2EC7AED7 /* Pods-RKitBase.release.xcconfig */;
			buildSettings = {
				ASSETCATALOG_COMPILER_APPICON_NAME = AppIcon;
				CLANG_ENABLE_MODULES = YES;
				INFOPLIST_FILE = RKitBase/Info.plist;
				LD_RUNPATH_SEARCH_PATHS = "$(inherited) @executable_path/Frameworks";
				PRODUCT_BUNDLE_IDENTIFIER = smalldatalab.RKitBase;
				PRODUCT_NAME = "$(TARGET_NAME)";
				SWIFT_OBJC_BRIDGING_HEADER = "RKitBase/RKitBase-Bridging-Header.h";
			};
			name = Release;
		};
		2872AB5A1D661A3500D624C6 /* Debug */ = {
			isa = XCBuildConfiguration;
			buildSettings = {
				BUNDLE_LOADER = "$(TEST_HOST)";
				INFOPLIST_FILE = RKitBaseTests/Info.plist;
				LD_RUNPATH_SEARCH_PATHS = "$(inherited) @executable_path/Frameworks @loader_path/Frameworks";
				PRODUCT_BUNDLE_IDENTIFIER = smalldatalab.RKitBaseTests;
				PRODUCT_NAME = "$(TARGET_NAME)";
				TEST_HOST = "$(BUILT_PRODUCTS_DIR)/RKitBase.app/RKitBase";
			};
			name = Debug;
		};
		2872AB5B1D661A3500D624C6 /* Release */ = {
			isa = XCBuildConfiguration;
			buildSettings = {
				BUNDLE_LOADER = "$(TEST_HOST)";
				INFOPLIST_FILE = RKitBaseTests/Info.plist;
				LD_RUNPATH_SEARCH_PATHS = "$(inherited) @executable_path/Frameworks @loader_path/Frameworks";
				PRODUCT_BUNDLE_IDENTIFIER = smalldatalab.RKitBaseTests;
				PRODUCT_NAME = "$(TARGET_NAME)";
				TEST_HOST = "$(BUILT_PRODUCTS_DIR)/RKitBase.app/RKitBase";
			};
			name = Release;
		};
		2872AB5D1D661A3500D624C6 /* Debug */ = {
			isa = XCBuildConfiguration;
			buildSettings = {
				INFOPLIST_FILE = RKitBaseUITests/Info.plist;
				LD_RUNPATH_SEARCH_PATHS = "$(inherited) @executable_path/Frameworks @loader_path/Frameworks";
				PRODUCT_BUNDLE_IDENTIFIER = smalldatalab.RKitBaseUITests;
				PRODUCT_NAME = "$(TARGET_NAME)";
				TEST_TARGET_NAME = RKitBase;
			};
			name = Debug;
		};
		2872AB5E1D661A3500D624C6 /* Release */ = {
			isa = XCBuildConfiguration;
			buildSettings = {
				INFOPLIST_FILE = RKitBaseUITests/Info.plist;
				LD_RUNPATH_SEARCH_PATHS = "$(inherited) @executable_path/Frameworks @loader_path/Frameworks";
				PRODUCT_BUNDLE_IDENTIFIER = smalldatalab.RKitBaseUITests;
				PRODUCT_NAME = "$(TARGET_NAME)";
				TEST_TARGET_NAME = RKitBase;
			};
			name = Release;
		};
/* End XCBuildConfiguration section */

/* Begin XCConfigurationList section */
		2872AB291D661A3400D624C6 /* Build configuration list for PBXProject "RKitBase" */ = {
			isa = XCConfigurationList;
			buildConfigurations = (
				2872AB541D661A3500D624C6 /* Debug */,
				2872AB551D661A3500D624C6 /* Release */,
			);
			defaultConfigurationIsVisible = 0;
			defaultConfigurationName = Release;
		};
		2872AB561D661A3500D624C6 /* Build configuration list for PBXNativeTarget "RKitBase" */ = {
			isa = XCConfigurationList;
			buildConfigurations = (
				2872AB571D661A3500D624C6 /* Debug */,
				2872AB581D661A3500D624C6 /* Release */,
			);
			defaultConfigurationIsVisible = 0;
			defaultConfigurationName = Release;
		};
		2872AB591D661A3500D624C6 /* Build configuration list for PBXNativeTarget "RKitBaseTests" */ = {
			isa = XCConfigurationList;
			buildConfigurations = (
				2872AB5A1D661A3500D624C6 /* Debug */,
				2872AB5B1D661A3500D624C6 /* Release */,
			);
			defaultConfigurationIsVisible = 0;
			defaultConfigurationName = Release;
		};
		2872AB5C1D661A3500D624C6 /* Build configuration list for PBXNativeTarget "RKitBaseUITests" */ = {
			isa = XCConfigurationList;
			buildConfigurations = (
				2872AB5D1D661A3500D624C6 /* Debug */,
				2872AB5E1D661A3500D624C6 /* Release */,
			);
			defaultConfigurationIsVisible = 0;
			defaultConfigurationName = Release;
		};
/* End XCConfigurationList section */
	};
	rootObject = 2872AB261D661A3400D624C6 /* Project object */;
}
